// !$*UTF8*$!
{
	archiveVersion = 1;
	classes = {
	};
	objectVersion = 55;
	objects = {

/* Begin PBXBuildFile section */
		1F930F37278F4E1D0088EADD /* PyramidsApp.swift in Sources */ = {isa = PBXBuildFile; fileRef = 1F930F27278F4E1B0088EADD /* PyramidsApp.swift */; };
		1F930F38278F4E1D0088EADD /* PyramidsApp.swift in Sources */ = {isa = PBXBuildFile; fileRef = 1F930F27278F4E1B0088EADD /* PyramidsApp.swift */; };
		1F930F39278F4E1D0088EADD /* ContentView.swift in Sources */ = {isa = PBXBuildFile; fileRef = 1F930F28278F4E1B0088EADD /* ContentView.swift */; };
		1F930F3A278F4E1D0088EADD /* ContentView.swift in Sources */ = {isa = PBXBuildFile; fileRef = 1F930F28278F4E1B0088EADD /* ContentView.swift */; };
		1F930F3B278F4E1D0088EADD /* Assets.xcassets in Resources */ = {isa = PBXBuildFile; fileRef = 1F930F29278F4E1D0088EADD /* Assets.xcassets */; };
		1F930F3C278F4E1D0088EADD /* Assets.xcassets in Resources */ = {isa = PBXBuildFile; fileRef = 1F930F29278F4E1D0088EADD /* Assets.xcassets */; };
		1F930F47278F4E800088EADD /* Game.swift in Sources */ = {isa = PBXBuildFile; fileRef = 1F930F46278F4E800088EADD /* Game.swift */; };
		1F930F48278F4E800088EADD /* Game.swift in Sources */ = {isa = PBXBuildFile; fileRef = 1F930F46278F4E800088EADD /* Game.swift */; };
		1F930F4B278F4EA00088EADD /* GameViewModel.swift in Sources */ = {isa = PBXBuildFile; fileRef = 1F930F4A278F4EA00088EADD /* GameViewModel.swift */; };
		1F930F4C278F4EA00088EADD /* GameViewModel.swift in Sources */ = {isa = PBXBuildFile; fileRef = 1F930F4A278F4EA00088EADD /* GameViewModel.swift */; };
/* End PBXBuildFile section */

/* Begin PBXFileReference section */
		1F930F27278F4E1B0088EADD /* PyramidsApp.swift */ = {isa = PBXFileReference; lastKnownFileType = sourcecode.swift; path = PyramidsApp.swift; sourceTree = "<group>"; };
		1F930F28278F4E1B0088EADD /* ContentView.swift */ = {isa = PBXFileReference; lastKnownFileType = sourcecode.swift; path = ContentView.swift; sourceTree = "<group>"; };
		1F930F29278F4E1D0088EADD /* Assets.xcassets */ = {isa = PBXFileReference; lastKnownFileType = folder.assetcatalog; path = Assets.xcassets; sourceTree = "<group>"; };
		1F930F2E278F4E1D0088EADD /* Pyramids.app */ = {isa = PBXFileReference; explicitFileType = wrapper.application; includeInIndex = 0; path = Pyramids.app; sourceTree = BUILT_PRODUCTS_DIR; };
		1F930F34278F4E1D0088EADD /* Pyramids.app */ = {isa = PBXFileReference; explicitFileType = wrapper.application; includeInIndex = 0; path = Pyramids.app; sourceTree = BUILT_PRODUCTS_DIR; };
		1F930F36278F4E1D0088EADD /* macOS.entitlements */ = {isa = PBXFileReference; lastKnownFileType = text.plist.entitlements; path = macOS.entitlements; sourceTree = "<group>"; };
		1F930F46278F4E800088EADD /* Game.swift */ = {isa = PBXFileReference; lastKnownFileType = sourcecode.swift; path = Game.swift; sourceTree = "<group>"; };
		1F930F4A278F4EA00088EADD /* GameViewModel.swift */ = {isa = PBXFileReference; lastKnownFileType = sourcecode.swift; path = GameViewModel.swift; sourceTree = "<group>"; };
/* End PBXFileReference section */

/* Begin PBXFrameworksBuildPhase section */
		1F930F2B278F4E1D0088EADD /* Frameworks */ = {
			isa = PBXFrameworksBuildPhase;
			buildActionMask = 2147483647;
			files = (
			);
			runOnlyForDeploymentPostprocessing = 0;
		};
		1F930F31278F4E1D0088EADD /* Frameworks */ = {
			isa = PBXFrameworksBuildPhase;
			buildActionMask = 2147483647;
			files = (
			);
			runOnlyForDeploymentPostprocessing = 0;
		};
/* End PBXFrameworksBuildPhase section */

/* Begin PBXGroup section */
		1F930F21278F4E1B0088EADD = {
			isa = PBXGroup;
			children = (
				1F930F26278F4E1B0088EADD /* Shared */,
				1F930F35278F4E1D0088EADD /* macOS */,
				1F930F2F278F4E1D0088EADD /* Products */,
			);
			sourceTree = "<group>";
		};
		1F930F26278F4E1B0088EADD /* Shared */ = {
			isa = PBXGroup;
			children = (
				1F930F49278F4E910088EADD /* ViewModel */,
				1F930F45278F4E3D0088EADD /* Model */,
				1F930F27278F4E1B0088EADD /* PyramidsApp.swift */,
				1F930F28278F4E1B0088EADD /* ContentView.swift */,
				1F930F29278F4E1D0088EADD /* Assets.xcassets */,
			);
			path = Shared;
			sourceTree = "<group>";
		};
		1F930F2F278F4E1D0088EADD /* Products */ = {
			isa = PBXGroup;
			children = (
				1F930F2E278F4E1D0088EADD /* Pyramids.app */,
				1F930F34278F4E1D0088EADD /* Pyramids.app */,
			);
			name = Products;
			sourceTree = "<group>";
		};
		1F930F35278F4E1D0088EADD /* macOS */ = {
			isa = PBXGroup;
			children = (
				1F930F36278F4E1D0088EADD /* macOS.entitlements */,
			);
			path = macOS;
			sourceTree = "<group>";
		};
		1F930F45278F4E3D0088EADD /* Model */ = {
			isa = PBXGroup;
			children = (
				1F930F46278F4E800088EADD /* Game.swift */,
			);
			path = Model;
			sourceTree = "<group>";
		};
		1F930F49278F4E910088EADD /* ViewModel */ = {
			isa = PBXGroup;
			children = (
				1F930F4A278F4EA00088EADD /* GameViewModel.swift */,
			);
			path = ViewModel;
			sourceTree = "<group>";
		};
/* End PBXGroup section */

/* Begin PBXNativeTarget section */
		1F930F2D278F4E1D0088EADD /* Pyramids (iOS) */ = {
			isa = PBXNativeTarget;
			buildConfigurationList = 1F930F3F278F4E1D0088EADD /* Build configuration list for PBXNativeTarget "Pyramids (iOS)" */;
			buildPhases = (
				1F930F2A278F4E1D0088EADD /* Sources */,
				1F930F2B278F4E1D0088EADD /* Frameworks */,
				1F930F2C278F4E1D0088EADD /* Resources */,
			);
			buildRules = (
			);
			dependencies = (
			);
			name = "Pyramids (iOS)";
			productName = "Pyramids (iOS)";
			productReference = 1F930F2E278F4E1D0088EADD /* Pyramids.app */;
			productType = "com.apple.product-type.application";
		};
		1F930F33278F4E1D0088EADD /* Pyramids (macOS) */ = {
			isa = PBXNativeTarget;
			buildConfigurationList = 1F930F42278F4E1D0088EADD /* Build configuration list for PBXNativeTarget "Pyramids (macOS)" */;
			buildPhases = (
				1F930F30278F4E1D0088EADD /* Sources */,
				1F930F31278F4E1D0088EADD /* Frameworks */,
				1F930F32278F4E1D0088EADD /* Resources */,
			);
			buildRules = (
			);
			dependencies = (
			);
			name = "Pyramids (macOS)";
			productName = "Pyramids (macOS)";
			productReference = 1F930F34278F4E1D0088EADD /* Pyramids.app */;
			productType = "com.apple.product-type.application";
		};
/* End PBXNativeTarget section */

/* Begin PBXProject section */
		1F930F22278F4E1B0088EADD /* Project object */ = {
			isa = PBXProject;
			attributes = {
				BuildIndependentTargetsInParallel = 1;
				LastSwiftUpdateCheck = 1320;
				LastUpgradeCheck = 1320;
				TargetAttributes = {
					1F930F2D278F4E1D0088EADD = {
						CreatedOnToolsVersion = 13.2.1;
					};
					1F930F33278F4E1D0088EADD = {
						CreatedOnToolsVersion = 13.2.1;
					};
				};
			};
			buildConfigurationList = 1F930F25278F4E1B0088EADD /* Build configuration list for PBXProject "Pyramids" */;
			compatibilityVersion = "Xcode 13.0";
			developmentRegion = en;
			hasScannedForEncodings = 0;
			knownRegions = (
				en,
				Base,
			);
			mainGroup = 1F930F21278F4E1B0088EADD;
			productRefGroup = 1F930F2F278F4E1D0088EADD /* Products */;
			projectDirPath = "";
			projectRoot = "";
			targets = (
				1F930F2D278F4E1D0088EADD /* Pyramids (iOS) */,
				1F930F33278F4E1D0088EADD /* Pyramids (macOS) */,
			);
		};
/* End PBXProject section */

/* Begin PBXResourcesBuildPhase section */
		1F930F2C278F4E1D0088EADD /* Resources */ = {
			isa = PBXResourcesBuildPhase;
			buildActionMask = 2147483647;
			files = (
				1F930F3B278F4E1D0088EADD /* Assets.xcassets in Resources */,
			);
			runOnlyForDeploymentPostprocessing = 0;
		};
		1F930F32278F4E1D0088EADD /* Resources */ = {
			isa = PBXResourcesBuildPhase;
			buildActionMask = 2147483647;
			files = (
				1F930F3C278F4E1D0088EADD /* Assets.xcassets in Resources */,
			);
			runOnlyForDeploymentPostprocessing = 0;
		};
/* End PBXResourcesBuildPhase section */

/* Begin PBXSourcesBuildPhase section */
		1F930F2A278F4E1D0088EADD /* Sources */ = {
			isa = PBXSourcesBuildPhase;
			buildActionMask = 2147483647;
			files = (
				1F930F4B278F4EA00088EADD /* GameViewModel.swift in Sources */,
				1F930F39278F4E1D0088EADD /* ContentView.swift in Sources */,
				1F930F47278F4E800088EADD /* Game.swift in Sources */,
				1F930F37278F4E1D0088EADD /* PyramidsApp.swift in Sources */,
			);
			runOnlyForDeploymentPostprocessing = 0;
		};
		1F930F30278F4E1D0088EADD /* Sources */ = {
			isa = PBXSourcesBuildPhase;
			buildActionMask = 2147483647;
			files = (
				1F930F4C278F4EA00088EADD /* GameViewModel.swift in Sources */,
				1F930F3A278F4E1D0088EADD /* ContentView.swift in Sources */,
				1F930F48278F4E800088EADD /* Game.swift in Sources */,
				1F930F38278F4E1D0088EADD /* PyramidsApp.swift in Sources */,
			);
			runOnlyForDeploymentPostprocessing = 0;
		};
/* End PBXSourcesBuildPhase section */

/* Begin XCBuildConfiguration section */
		1F930F3D278F4E1D0088EADD /* Debug */ = {
			isa = XCBuildConfiguration;
			buildSettings = {
				ALWAYS_SEARCH_USER_PATHS = NO;
				CLANG_ANALYZER_NONNULL = YES;
				CLANG_ANALYZER_NUMBER_OBJECT_CONVERSION = YES_AGGRESSIVE;
				CLANG_CXX_LANGUAGE_STANDARD = "gnu++17";
				CLANG_CXX_LIBRARY = "libc++";
				CLANG_ENABLE_MODULES = YES;
				CLANG_ENABLE_OBJC_ARC = YES;
				CLANG_ENABLE_OBJC_WEAK = YES;
				CLANG_WARN_BLOCK_CAPTURE_AUTORELEASING = YES;
				CLANG_WARN_BOOL_CONVERSION = YES;
				CLANG_WARN_COMMA = YES;
				CLANG_WARN_CONSTANT_CONVERSION = YES;
				CLANG_WARN_DEPRECATED_OBJC_IMPLEMENTATIONS = YES;
				CLANG_WARN_DIRECT_OBJC_ISA_USAGE = YES_ERROR;
				CLANG_WARN_DOCUMENTATION_COMMENTS = YES;
				CLANG_WARN_EMPTY_BODY = YES;
				CLANG_WARN_ENUM_CONVERSION = YES;
				CLANG_WARN_INFINITE_RECURSION = YES;
				CLANG_WARN_INT_CONVERSION = YES;
				CLANG_WARN_NON_LITERAL_NULL_CONVERSION = YES;
				CLANG_WARN_OBJC_IMPLICIT_RETAIN_SELF = YES;
				CLANG_WARN_OBJC_LITERAL_CONVERSION = YES;
				CLANG_WARN_OBJC_ROOT_CLASS = YES_ERROR;
				CLANG_WARN_QUOTED_INCLUDE_IN_FRAMEWORK_HEADER = YES;
				CLANG_WARN_RANGE_LOOP_ANALYSIS = YES;
				CLANG_WARN_STRICT_PROTOTYPES = YES;
				CLANG_WARN_SUSPICIOUS_MOVE = YES;
				CLANG_WARN_UNGUARDED_AVAILABILITY = YES_AGGRESSIVE;
				CLANG_WARN_UNREACHABLE_CODE = YES;
				CLANG_WARN__DUPLICATE_METHOD_MATCH = YES;
				COPY_PHASE_STRIP = NO;
				DEBUG_INFORMATION_FORMAT = dwarf;
				ENABLE_STRICT_OBJC_MSGSEND = YES;
				ENABLE_TESTABILITY = YES;
				GCC_C_LANGUAGE_STANDARD = gnu11;
				GCC_DYNAMIC_NO_PIC = NO;
				GCC_NO_COMMON_BLOCKS = YES;
				GCC_OPTIMIZATION_LEVEL = 0;
				GCC_PREPROCESSOR_DEFINITIONS = (
					"DEBUG=1",
					"$(inherited)",
				);
				GCC_WARN_64_TO_32_BIT_CONVERSION = YES;
				GCC_WARN_ABOUT_RETURN_TYPE = YES_ERROR;
				GCC_WARN_UNDECLARED_SELECTOR = YES;
				GCC_WARN_UNINITIALIZED_AUTOS = YES_AGGRESSIVE;
				GCC_WARN_UNUSED_FUNCTION = YES;
				GCC_WARN_UNUSED_VARIABLE = YES;
				MTL_ENABLE_DEBUG_INFO = INCLUDE_SOURCE;
				MTL_FAST_MATH = YES;
				ONLY_ACTIVE_ARCH = YES;
				SWIFT_ACTIVE_COMPILATION_CONDITIONS = DEBUG;
				SWIFT_OPTIMIZATION_LEVEL = "-Onone";
			};
			name = Debug;
		};
		1F930F3E278F4E1D0088EADD /* Release */ = {
			isa = XCBuildConfiguration;
			buildSettings = {
				ALWAYS_SEARCH_USER_PATHS = NO;
				CLANG_ANALYZER_NONNULL = YES;
				CLANG_ANALYZER_NUMBER_OBJECT_CONVERSION = YES_AGGRESSIVE;
				CLANG_CXX_LANGUAGE_STANDARD = "gnu++17";
				CLANG_CXX_LIBRARY = "libc++";
				CLANG_ENABLE_MODULES = YES;
				CLANG_ENABLE_OBJC_ARC = YES;
				CLANG_ENABLE_OBJC_WEAK = YES;
				CLANG_WARN_BLOCK_CAPTURE_AUTORELEASING = YES;
				CLANG_WARN_BOOL_CONVERSION = YES;
				CLANG_WARN_COMMA = YES;
				CLANG_WARN_CONSTANT_CONVERSION = YES;
				CLANG_WARN_DEPRECATED_OBJC_IMPLEMENTATIONS = YES;
				CLANG_WARN_DIRECT_OBJC_ISA_USAGE = YES_ERROR;
				CLANG_WARN_DOCUMENTATION_COMMENTS = YES;
				CLANG_WARN_EMPTY_BODY = YES;
				CLANG_WARN_ENUM_CONVERSION = YES;
				CLANG_WARN_INFINITE_RECURSION = YES;
				CLANG_WARN_INT_CONVERSION = YES;
				CLANG_WARN_NON_LITERAL_NULL_CONVERSION = YES;
				CLANG_WARN_OBJC_IMPLICIT_RETAIN_SELF = YES;
				CLANG_WARN_OBJC_LITERAL_CONVERSION = YES;
				CLANG_WARN_OBJC_ROOT_CLASS = YES_ERROR;
				CLANG_WARN_QUOTED_INCLUDE_IN_FRAMEWORK_HEADER = YES;
				CLANG_WARN_RANGE_LOOP_ANALYSIS = YES;
				CLANG_WARN_STRICT_PROTOTYPES = YES;
				CLANG_WARN_SUSPICIOUS_MOVE = YES;
				CLANG_WARN_UNGUARDED_AVAILABILITY = YES_AGGRESSIVE;
				CLANG_WARN_UNREACHABLE_CODE = YES;
				CLANG_WARN__DUPLICATE_METHOD_MATCH = YES;
				COPY_PHASE_STRIP = NO;
				DEBUG_INFORMATION_FORMAT = "dwarf-with-dsym";
				ENABLE_NS_ASSERTIONS = NO;
				ENABLE_STRICT_OBJC_MSGSEND = YES;
				GCC_C_LANGUAGE_STANDARD = gnu11;
				GCC_NO_COMMON_BLOCKS = YES;
				GCC_WARN_64_TO_32_BIT_CONVERSION = YES;
				GCC_WARN_ABOUT_RETURN_TYPE = YES_ERROR;
				GCC_WARN_UNDECLARED_SELECTOR = YES;
				GCC_WARN_UNINITIALIZED_AUTOS = YES_AGGRESSIVE;
				GCC_WARN_UNUSED_FUNCTION = YES;
				GCC_WARN_UNUSED_VARIABLE = YES;
				MTL_ENABLE_DEBUG_INFO = NO;
				MTL_FAST_MATH = YES;
				SWIFT_COMPILATION_MODE = wholemodule;
				SWIFT_OPTIMIZATION_LEVEL = "-O";
			};
			name = Release;
		};
		1F930F40278F4E1D0088EADD /* Debug */ = {
			isa = XCBuildConfiguration;
			buildSettings = {
				ASSETCATALOG_COMPILER_APPICON_NAME = AppIcon;
				ASSETCATALOG_COMPILER_GLOBAL_ACCENT_COLOR_NAME = AccentColor;
				CODE_SIGN_STYLE = Automatic;
				CURRENT_PROJECT_VERSION = 1;
				DEVELOPMENT_TEAM = 723HTEFHBA;
				ENABLE_PREVIEWS = YES;
				GENERATE_INFOPLIST_FILE = YES;
				INFOPLIST_KEY_UIApplicationSceneManifest_Generation = YES;
				INFOPLIST_KEY_UIApplicationSupportsIndirectInputEvents = YES;
				INFOPLIST_KEY_UILaunchScreen_Generation = YES;
				INFOPLIST_KEY_UISupportedInterfaceOrientations_iPad = "UIInterfaceOrientationPortrait UIInterfaceOrientationPortraitUpsideDown UIInterfaceOrientationLandscapeLeft UIInterfaceOrientationLandscapeRight";
				INFOPLIST_KEY_UISupportedInterfaceOrientations_iPhone = "UIInterfaceOrientationPortrait UIInterfaceOrientationLandscapeLeft UIInterfaceOrientationLandscapeRight";
				INFOPLIST_KEY_UIUserInterfaceStyle = Dark;
				IPHONEOS_DEPLOYMENT_TARGET = 15.2;
				LD_RUNPATH_SEARCH_PATHS = (
					"$(inherited)",
					"@executable_path/Frameworks",
				);
				MARKETING_VERSION = 1.0;
				PRODUCT_BUNDLE_IDENTIFIER = ru.ilines.nsu.Pyramids;
				PRODUCT_NAME = Pyramids;
				SDKROOT = iphoneos;
				SWIFT_EMIT_LOC_STRINGS = YES;
				SWIFT_VERSION = 5.0;
				TARGETED_DEVICE_FAMILY = "1,2";
			};
			name = Debug;
		};
		1F930F41278F4E1D0088EADD /* Release */ = {
			isa = XCBuildConfiguration;
			buildSettings = {
				ASSETCATALOG_COMPILER_APPICON_NAME = AppIcon;
				ASSETCATALOG_COMPILER_GLOBAL_ACCENT_COLOR_NAME = AccentColor;
				CODE_SIGN_STYLE = Automatic;
				CURRENT_PROJECT_VERSION = 1;
				DEVELOPMENT_TEAM = 723HTEFHBA;
				ENABLE_PREVIEWS = YES;
				GENERATE_INFOPLIST_FILE = YES;
				INFOPLIST_KEY_UIApplicationSceneManifest_Generation = YES;
				INFOPLIST_KEY_UIApplicationSupportsIndirectInputEvents = YES;
				INFOPLIST_KEY_UILaunchScreen_Generation = YES;
				INFOPLIST_KEY_UISupportedInterfaceOrientations_iPad = "UIInterfaceOrientationPortrait UIInterfaceOrientationPortraitUpsideDown UIInterfaceOrientationLandscapeLeft UIInterfaceOrientationLandscapeRight";
				INFOPLIST_KEY_UISupportedInterfaceOrientations_iPhone = "UIInterfaceOrientationPortrait UIInterfaceOrientationLandscapeLeft UIInterfaceOrientationLandscapeRight";
				INFOPLIST_KEY_UIUserInterfaceStyle = Dark;
				IPHONEOS_DEPLOYMENT_TARGET = 15.2;
				LD_RUNPATH_SEARCH_PATHS = (
					"$(inherited)",
					"@executable_path/Frameworks",
				);
				MARKETING_VERSION = 1.0;
				PRODUCT_BUNDLE_IDENTIFIER = ru.ilines.nsu.Pyramids;
				PRODUCT_NAME = Pyramids;
				SDKROOT = iphoneos;
				SWIFT_EMIT_LOC_STRINGS = YES;
				SWIFT_VERSION = 5.0;
				TARGETED_DEVICE_FAMILY = "1,2";
				VALIDATE_PRODUCT = YES;
			};
			name = Release;
		};
		1F930F43278F4E1D0088EADD /* Debug */ = {
			isa = XCBuildConfiguration;
			buildSettings = {
				ASSETCATALOG_COMPILER_APPICON_NAME = AppIcon;
				ASSETCATALOG_COMPILER_GLOBAL_ACCENT_COLOR_NAME = AccentColor;
				CODE_SIGN_ENTITLEMENTS = macOS/macOS.entitlements;
				CODE_SIGN_STYLE = Automatic;
				COMBINE_HIDPI_IMAGES = YES;
				CURRENT_PROJECT_VERSION = 1;
				DEVELOPMENT_TEAM = 723HTEFHBA;
				ENABLE_HARDENED_RUNTIME = YES;
				ENABLE_PREVIEWS = YES;
				GENERATE_INFOPLIST_FILE = YES;
				INFOPLIST_KEY_NSHumanReadableCopyright = "";
				LD_RUNPATH_SEARCH_PATHS = (
					"$(inherited)",
					"@executable_path/../Frameworks",
				);
				MACOSX_DEPLOYMENT_TARGET = 12.1;
				MARKETING_VERSION = 1.0;
				PRODUCT_BUNDLE_IDENTIFIER = ru.ilines.nsu.Pyramids;
				PRODUCT_NAME = Pyramids;
				SDKROOT = macosx;
				SWIFT_EMIT_LOC_STRINGS = YES;
				SWIFT_VERSION = 5.0;
			};
			name = Debug;
		};
		1F930F44278F4E1D0088EADD /* Release */ = {
			isa = XCBuildConfiguration;
			buildSettings = {
				ASSETCATALOG_COMPILER_APPICON_NAME = AppIcon;
				ASSETCATALOG_COMPILER_GLOBAL_ACCENT_COLOR_NAME = AccentColor;
				CODE_SIGN_ENTITLEMENTS = macOS/macOS.entitlements;
				CODE_SIGN_STYLE = Automatic;
				COMBINE_HIDPI_IMAGES = YES;
				CURRENT_PROJECT_VERSION = 1;
				DEVELOPMENT_TEAM = 723HTEFHBA;
				ENABLE_HARDENED_RUNTIME = YES;
				ENABLE_PREVIEWS = YES;
				GENERATE_INFOPLIST_FILE = YES;
				INFOPLIST_KEY_NSHumanReadableCopyright = "";
				LD_RUNPATH_SEARCH_PATHS = (
					"$(inherited)",
					"@executable_path/../Frameworks",
				);
				MACOSX_DEPLOYMENT_TARGET = 12.1;
				MARKETING_VERSION = 1.0;
				PRODUCT_BUNDLE_IDENTIFIER = ru.ilines.nsu.Pyramids;
				PRODUCT_NAME = Pyramids;
				SDKROOT = macosx;
				SWIFT_EMIT_LOC_STRINGS = YES;
				SWIFT_VERSION = 5.0;
			};
			name = Release;
		};
/* End XCBuildConfiguration section */

/* Begin XCConfigurationList section */
		1F930F25278F4E1B0088EADD /* Build configuration list for PBXProject "Pyramids" */ = {
			isa = XCConfigurationList;
			buildConfigurations = (
				1F930F3D278F4E1D0088EADD /* Debug */,
				1F930F3E278F4E1D0088EADD /* Release */,
			);
			defaultConfigurationIsVisible = 0;
			defaultConfigurationName = Release;
		};
		1F930F3F278F4E1D0088EADD /* Build configuration list for PBXNativeTarget "Pyramids (iOS)" */ = {
			isa = XCConfigurationList;
			buildConfigurations = (
				1F930F40278F4E1D0088EADD /* Debug */,
				1F930F41278F4E1D0088EADD /* Release */,
			);
			defaultConfigurationIsVisible = 0;
			defaultConfigurationName = Release;
		};
		1F930F42278F4E1D0088EADD /* Build configuration list for PBXNativeTarget "Pyramids (macOS)" */ = {
			isa = XCConfigurationList;
			buildConfigurations = (
				1F930F43278F4E1D0088EADD /* Debug */,
				1F930F44278F4E1D0088EADD /* Release */,
			);
			defaultConfigurationIsVisible = 0;
			defaultConfigurationName = Release;
		};
/* End XCConfigurationList section */
	};
	rootObject = 1F930F22278F4E1B0088EADD /* Project object */;
}
